
Microsoft Visual Studio Solution File, Format Version 12.00
# Visual Studio Version 16
VisualStudioVersion = 16.0.30804.86
MinimumVisualStudioVersion = 10.0.40219.1
Project("{9A19103F-16F7-4668-BE54-9A1E7A4F7556}") = "Blit", "Blit\Blit.csproj", "{64CC552F-C18A-440C-A61F-69BAE0EC24BC}"
EndProject
Global
	GlobalSection(SolutionConfigurationPlatforms) = preSolution
		Debug|Any CPU = Debug|Any CPU
		Release|Any CPU = Release|Any CPU
	EndGlobalSection
	GlobalSection(ProjectConfigurationPlatforms) = postSolution
		{64CC552F-C18A-440C-A61F-69BAE0EC24BC}.Debug|Any CPU.ActiveCfg = Debug|Any CPU
		{64CC552F-C18A-440C-A61F-69BAE0EC24BC}.Debug|Any CPU.Build.0 = Debug|Any CPU
		{64CC552F-C18A-440C-A61F-69BAE0EC24BC}.Release|Any CPU.ActiveCfg = Release|Any CPU
		{64CC552F-C18A-440C-A61F-69BAE0EC24BC}.Release|Any CPU.Build.0 = Release|Any CPU
	EndGlobalSection
	GlobalSection(SolutionProperties) = preSolution
		HideSolutionNode = FALSE
	EndGlobalSection
	GlobalSection(ExtensibilityGlobals) = postSolution
		SolutionGuid = {9AB257EB-1C33-43F9-ADC2-BF78D4FED8E9}
	EndGlobalSection
EndGlobal
